// !$*UTF8*$!
{
	archiveVersion = 1;
	classes = {
	};
	objectVersion = 55;
	objects = {

/* Begin PBXBuildFile section */
		6002F93F282D5F7D0088EBAB /* AppDelegate.swift in Sources */ = {isa = PBXBuildFile; fileRef = 6002F93E282D5F7D0088EBAB /* AppDelegate.swift */; };
		6002F945282D5F7D0088EBAB /* GameScene.swift in Sources */ = {isa = PBXBuildFile; fileRef = 6002F944282D5F7D0088EBAB /* GameScene.swift */; };
		6002F947282D5F7D0088EBAB /* GameViewController.swift in Sources */ = {isa = PBXBuildFile; fileRef = 6002F946282D5F7D0088EBAB /* GameViewController.swift */; };
		6002F94A282D5F7D0088EBAB /* Main.storyboard in Resources */ = {isa = PBXBuildFile; fileRef = 6002F948282D5F7D0088EBAB /* Main.storyboard */; };
		6002F94C282D5F7F0088EBAB /* Assets.xcassets in Resources */ = {isa = PBXBuildFile; fileRef = 6002F94B282D5F7F0088EBAB /* Assets.xcassets */; };
		6002F94F282D5F7F0088EBAB /* LaunchScreen.storyboard in Resources */ = {isa = PBXBuildFile; fileRef = 6002F94D282D5F7F0088EBAB /* LaunchScreen.storyboard */; };
		6002F956282D62320088EBAB /* Background.swift in Sources */ = {isa = PBXBuildFile; fileRef = 6002F955282D62320088EBAB /* Background.swift */; };
		6002F958282D647A0088EBAB /* Island.swift in Sources */ = {isa = PBXBuildFile; fileRef = 6002F957282D647A0088EBAB /* Island.swift */; };
		6002F95B282D69980088EBAB /* Clouds.swift in Sources */ = {isa = PBXBuildFile; fileRef = 6002F95A282D69980088EBAB /* Clouds.swift */; };
		6002F95E282D69E50088EBAB /* SpriteProtocol.swift in Sources */ = {isa = PBXBuildFile; fileRef = 6002F95D282D69E50088EBAB /* SpriteProtocol.swift */; };
		6002F960282D70570088EBAB /* PlayerPlane.swift in Sources */ = {isa = PBXBuildFile; fileRef = 6002F95F282D70570088EBAB /* PlayerPlane.swift */; };
		6002F999282D71640088EBAB /* PlayerPlane.atlas in Resources */ = {isa = PBXBuildFile; fileRef = 6002F998282D71640088EBAB /* PlayerPlane.atlas */; };
		605E8A2F282E4CE400C23D92 /* MainPowerUp.swift in Sources */ = {isa = PBXBuildFile; fileRef = 605E8A2E282E4CE400C23D92 /* MainPowerUp.swift */; };
		605E8A31282E4D6C00C23D92 /* GreenPowerUp.atlas in Resources */ = {isa = PBXBuildFile; fileRef = 605E8A30282E4D6C00C23D92 /* GreenPowerUp.atlas */; };
		605E8A38282E5F3E00C23D92 /* Enemy.swift in Sources */ = {isa = PBXBuildFile; fileRef = 605E8A37282E5F3E00C23D92 /* Enemy.swift */; };
		605E8A3B282E634100C23D92 /* Enemy_1.atlas in Resources */ = {isa = PBXBuildFile; fileRef = 605E8A3A282E634100C23D92 /* Enemy_1.atlas */; };
		605E8A3D282E6CA600C23D92 /* Enemy_2.atlas in Resources */ = {isa = PBXBuildFile; fileRef = 605E8A3C282E6CA600C23D92 /* Enemy_2.atlas */; };
		605E8A3F282E734700C23D92 /* BluePowerUp.atlas in Resources */ = {isa = PBXBuildFile; fileRef = 605E8A3E282E734600C23D92 /* BluePowerUp.atlas */; };
		60CF06E3282E7689002012A2 /* BluePowerUp.swift in Sources */ = {isa = PBXBuildFile; fileRef = 60CF06E2282E7689002012A2 /* BluePowerUp.swift */; };
		60CF06E5282E7695002012A2 /* GreenPowerUp.swift in Sources */ = {isa = PBXBuildFile; fileRef = 60CF06E4282E7695002012A2 /* GreenPowerUp.swift */; };
		60CF06E7282E7CB2002012A2 /* YellowAmmo.atlas in Resources */ = {isa = PBXBuildFile; fileRef = 60CF06E6282E7CB2002012A2 /* YellowAmmo.atlas */; };
/* End PBXBuildFile section */

/* Begin PBXFileReference section */
		6002F93B282D5F7D0088EBAB /* WarFly.app */ = {isa = PBXFileReference; explicitFileType = wrapper.application; includeInIndex = 0; path = WarFly.app; sourceTree = BUILT_PRODUCTS_DIR; };
		6002F93E282D5F7D0088EBAB /* AppDelegate.swift */ = {isa = PBXFileReference; lastKnownFileType = sourcecode.swift; path = AppDelegate.swift; sourceTree = "<group>"; };
		6002F944282D5F7D0088EBAB /* GameScene.swift */ = {isa = PBXFileReference; lastKnownFileType = sourcecode.swift; path = GameScene.swift; sourceTree = "<group>"; };
		6002F946282D5F7D0088EBAB /* GameViewController.swift */ = {isa = PBXFileReference; lastKnownFileType = sourcecode.swift; path = GameViewController.swift; sourceTree = "<group>"; };
		6002F949282D5F7D0088EBAB /* Base */ = {isa = PBXFileReference; lastKnownFileType = file.storyboard; name = Base; path = Base.lproj/Main.storyboard; sourceTree = "<group>"; };
		6002F94B282D5F7F0088EBAB /* Assets.xcassets */ = {isa = PBXFileReference; lastKnownFileType = folder.assetcatalog; path = Assets.xcassets; sourceTree = "<group>"; };
		6002F94E282D5F7F0088EBAB /* Base */ = {isa = PBXFileReference; lastKnownFileType = file.storyboard; name = Base; path = Base.lproj/LaunchScreen.storyboard; sourceTree = "<group>"; };
		6002F955282D62320088EBAB /* Background.swift */ = {isa = PBXFileReference; lastKnownFileType = sourcecode.swift; path = Background.swift; sourceTree = "<group>"; };
		6002F957282D647A0088EBAB /* Island.swift */ = {isa = PBXFileReference; lastKnownFileType = sourcecode.swift; path = Island.swift; sourceTree = "<group>"; };
		6002F95A282D69980088EBAB /* Clouds.swift */ = {isa = PBXFileReference; lastKnownFileType = sourcecode.swift; path = Clouds.swift; sourceTree = "<group>"; };
		6002F95D282D69E50088EBAB /* SpriteProtocol.swift */ = {isa = PBXFileReference; lastKnownFileType = sourcecode.swift; path = SpriteProtocol.swift; sourceTree = "<group>"; };
		6002F95F282D70570088EBAB /* PlayerPlane.swift */ = {isa = PBXFileReference; lastKnownFileType = sourcecode.swift; path = PlayerPlane.swift; sourceTree = "<group>"; };
		6002F998282D71640088EBAB /* PlayerPlane.atlas */ = {isa = PBXFileReference; lastKnownFileType = folder.skatlas; path = PlayerPlane.atlas; sourceTree = "<group>"; };
		605E8A2E282E4CE400C23D92 /* MainPowerUp.swift */ = {isa = PBXFileReference; lastKnownFileType = sourcecode.swift; path = MainPowerUp.swift; sourceTree = "<group>"; };
		605E8A30282E4D6C00C23D92 /* GreenPowerUp.atlas */ = {isa = PBXFileReference; lastKnownFileType = folder.skatlas; path = GreenPowerUp.atlas; sourceTree = "<group>"; };
		605E8A37282E5F3E00C23D92 /* Enemy.swift */ = {isa = PBXFileReference; lastKnownFileType = sourcecode.swift; path = Enemy.swift; sourceTree = "<group>"; };
		605E8A3A282E634100C23D92 /* Enemy_1.atlas */ = {isa = PBXFileReference; lastKnownFileType = folder.skatlas; path = Enemy_1.atlas; sourceTree = "<group>"; };
		605E8A3C282E6CA600C23D92 /* Enemy_2.atlas */ = {isa = PBXFileReference; lastKnownFileType = folder.skatlas; path = Enemy_2.atlas; sourceTree = "<group>"; };
		605E8A3E282E734600C23D92 /* BluePowerUp.atlas */ = {isa = PBXFileReference; lastKnownFileType = folder.skatlas; path = BluePowerUp.atlas; sourceTree = "<group>"; };
		60CF06E2282E7689002012A2 /* BluePowerUp.swift */ = {isa = PBXFileReference; lastKnownFileType = sourcecode.swift; path = BluePowerUp.swift; sourceTree = "<group>"; };
		60CF06E4282E7695002012A2 /* GreenPowerUp.swift */ = {isa = PBXFileReference; lastKnownFileType = sourcecode.swift; path = GreenPowerUp.swift; sourceTree = "<group>"; };
		60CF06E6282E7CB2002012A2 /* YellowAmmo.atlas */ = {isa = PBXFileReference; lastKnownFileType = folder.skatlas; path = YellowAmmo.atlas; sourceTree = "<group>"; };
/* End PBXFileReference section */

/* Begin PBXFrameworksBuildPhase section */
		6002F938282D5F7D0088EBAB /* Frameworks */ = {
			isa = PBXFrameworksBuildPhase;
			buildActionMask = 2147483647;
			files = (
			);
			runOnlyForDeploymentPostprocessing = 0;
		};
/* End PBXFrameworksBuildPhase section */

/* Begin PBXGroup section */
		6002F932282D5F7D0088EBAB = {
			isa = PBXGroup;
			children = (
				6002F93D282D5F7D0088EBAB /* WarFly */,
				6002F93C282D5F7D0088EBAB /* Products */,
			);
			sourceTree = "<group>";
		};
		6002F93C282D5F7D0088EBAB /* Products */ = {
			isa = PBXGroup;
			children = (
				6002F93B282D5F7D0088EBAB /* WarFly.app */,
			);
			name = Products;
			sourceTree = "<group>";
		};
		6002F93D282D5F7D0088EBAB /* WarFly */ = {
			isa = PBXGroup;
			children = (
				6002F959282D69460088EBAB /* Sprites */,
				6002F944282D5F7D0088EBAB /* GameScene.swift */,
				6002F955282D62320088EBAB /* Background.swift */,
				6002F946282D5F7D0088EBAB /* GameViewController.swift */,
				6002F948282D5F7D0088EBAB /* Main.storyboard */,
				6002F94B282D5F7F0088EBAB /* Assets.xcassets */,
				6002F94D282D5F7F0088EBAB /* LaunchScreen.storyboard */,
				6002F93E282D5F7D0088EBAB /* AppDelegate.swift */,
				60CF06E8282E7CD3002012A2 /* Textures */,
			);
			path = WarFly;
			sourceTree = "<group>";
		};
		6002F959282D69460088EBAB /* Sprites */ = {
			isa = PBXGroup;
			children = (
				605E8A32282E5ECA00C23D92 /* ground */,
				605E8A35282E5EFE00C23D92 /* Powers */,
				605E8A36282E5F0900C23D92 /* Enemys */,
				605E8A33282E5EDE00C23D92 /* PlayerPlane */,
			);
			path = Sprites;
			sourceTree = "<group>";
		};
		605E8A32282E5ECA00C23D92 /* ground */ = {
			isa = PBXGroup;
			children = (
				605E8A34282E5EE700C23D92 /* ground Protocols */,
				6002F957282D647A0088EBAB /* Island.swift */,
				6002F95A282D69980088EBAB /* Clouds.swift */,
			);
			path = ground;
			sourceTree = "<group>";
		};
		605E8A33282E5EDE00C23D92 /* PlayerPlane */ = {
			isa = PBXGroup;
			children = (
				6002F95F282D70570088EBAB /* PlayerPlane.swift */,
			);
			path = PlayerPlane;
			sourceTree = "<group>";
		};
		605E8A34282E5EE700C23D92 /* ground Protocols */ = {
			isa = PBXGroup;
			children = (
				6002F95D282D69E50088EBAB /* SpriteProtocol.swift */,
			);
			path = "ground Protocols";
			sourceTree = "<group>";
		};
		605E8A35282E5EFE00C23D92 /* Powers */ = {
			isa = PBXGroup;
			children = (
				605E8A2E282E4CE400C23D92 /* MainPowerUp.swift */,
				60CF06E2282E7689002012A2 /* BluePowerUp.swift */,
				60CF06E4282E7695002012A2 /* GreenPowerUp.swift */,
			);
			path = Powers;
			sourceTree = "<group>";
		};
		605E8A36282E5F0900C23D92 /* Enemys */ = {
			isa = PBXGroup;
			children = (
				605E8A37282E5F3E00C23D92 /* Enemy.swift */,
			);
			path = Enemys;
			sourceTree = "<group>";
		};
		60CF06E8282E7CD3002012A2 /* Textures */ = {
			isa = PBXGroup;
			children = (
				60CF06E6282E7CB2002012A2 /* YellowAmmo.atlas */,
				605E8A30282E4D6C00C23D92 /* GreenPowerUp.atlas */,
				605E8A3E282E734600C23D92 /* BluePowerUp.atlas */,
				605E8A3C282E6CA600C23D92 /* Enemy_2.atlas */,
				605E8A3A282E634100C23D92 /* Enemy_1.atlas */,
				6002F998282D71640088EBAB /* PlayerPlane.atlas */,
			);
			path = Textures;
			sourceTree = "<group>";
		};
/* End PBXGroup section */

/* Begin PBXNativeTarget section */
		6002F93A282D5F7D0088EBAB /* WarFly */ = {
			isa = PBXNativeTarget;
			buildConfigurationList = 6002F952282D5F7F0088EBAB /* Build configuration list for PBXNativeTarget "WarFly" */;
			buildPhases = (
				6002F937282D5F7D0088EBAB /* Sources */,
				6002F938282D5F7D0088EBAB /* Frameworks */,
				6002F939282D5F7D0088EBAB /* Resources */,
			);
			buildRules = (
			);
			dependencies = (
			);
			name = WarFly;
			productName = WarFly;
			productReference = 6002F93B282D5F7D0088EBAB /* WarFly.app */;
			productType = "com.apple.product-type.application";
		};
/* End PBXNativeTarget section */

/* Begin PBXProject section */
		6002F933282D5F7D0088EBAB /* Project object */ = {
			isa = PBXProject;
			attributes = {
				BuildIndependentTargetsInParallel = 1;
				LastSwiftUpdateCheck = 1330;
				LastUpgradeCheck = 1330;
				TargetAttributes = {
					6002F93A282D5F7D0088EBAB = {
						CreatedOnToolsVersion = 13.3.1;
					};
				};
			};
			buildConfigurationList = 6002F936282D5F7D0088EBAB /* Build configuration list for PBXProject "WarFly" */;
			compatibilityVersion = "Xcode 13.0";
			developmentRegion = en;
			hasScannedForEncodings = 0;
			knownRegions = (
				en,
				Base,
			);
			mainGroup = 6002F932282D5F7D0088EBAB;
			productRefGroup = 6002F93C282D5F7D0088EBAB /* Products */;
			projectDirPath = "";
			projectRoot = "";
			targets = (
				6002F93A282D5F7D0088EBAB /* WarFly */,
			);
		};
/* End PBXProject section */

/* Begin PBXResourcesBuildPhase section */
		6002F939282D5F7D0088EBAB /* Resources */ = {
			isa = PBXResourcesBuildPhase;
			buildActionMask = 2147483647;
			files = (
				605E8A3D282E6CA600C23D92 /* Enemy_2.atlas in Resources */,
				605E8A3B282E634100C23D92 /* Enemy_1.atlas in Resources */,
				6002F94A282D5F7D0088EBAB /* Main.storyboard in Resources */,
				60CF06E7282E7CB2002012A2 /* YellowAmmo.atlas in Resources */,
				605E8A31282E4D6C00C23D92 /* GreenPowerUp.atlas in Resources */,
				6002F999282D71640088EBAB /* PlayerPlane.atlas in Resources */,
				6002F94C282D5F7F0088EBAB /* Assets.xcassets in Resources */,
				605E8A3F282E734700C23D92 /* BluePowerUp.atlas in Resources */,
				6002F94F282D5F7F0088EBAB /* LaunchScreen.storyboard in Resources */,
			);
			runOnlyForDeploymentPostprocessing = 0;
		};
/* End PBXResourcesBuildPhase section */

/* Begin PBXSourcesBuildPhase section */
		6002F937282D5F7D0088EBAB /* Sources */ = {
			isa = PBXSourcesBuildPhase;
			buildActionMask = 2147483647;
			files = (
				6002F945282D5F7D0088EBAB /* GameScene.swift in Sources */,
				6002F960282D70570088EBAB /* PlayerPlane.swift in Sources */,
				6002F947282D5F7D0088EBAB /* GameViewController.swift in Sources */,
				6002F93F282D5F7D0088EBAB /* AppDelegate.swift in Sources */,
				60CF06E3282E7689002012A2 /* BluePowerUp.swift in Sources */,
				6002F95E282D69E50088EBAB /* SpriteProtocol.swift in Sources */,
				6002F95B282D69980088EBAB /* Clouds.swift in Sources */,
				605E8A38282E5F3E00C23D92 /* Enemy.swift in Sources */,
				60CF06E5282E7695002012A2 /* GreenPowerUp.swift in Sources */,
				6002F958282D647A0088EBAB /* Island.swift in Sources */,
				605E8A2F282E4CE400C23D92 /* MainPowerUp.swift in Sources */,
				6002F956282D62320088EBAB /* Background.swift in Sources */,
			);
			runOnlyForDeploymentPostprocessing = 0;
		};
/* End PBXSourcesBuildPhase section */

/* Begin PBXVariantGroup section */
		6002F948282D5F7D0088EBAB /* Main.storyboard */ = {
			isa = PBXVariantGroup;
			children = (
				6002F949282D5F7D0088EBAB /* Base */,
			);
			name = Main.storyboard;
			sourceTree = "<group>";
		};
		6002F94D282D5F7F0088EBAB /* LaunchScreen.storyboard */ = {
			isa = PBXVariantGroup;
			children = (
				6002F94E282D5F7F0088EBAB /* Base */,
			);
			name = LaunchScreen.storyboard;
			sourceTree = "<group>";
		};
/* End PBXVariantGroup section */

/* Begin XCBuildConfiguration section */
		6002F950282D5F7F0088EBAB /* Debug */ = {
			isa = XCBuildConfiguration;
			buildSettings = {
				ALWAYS_SEARCH_USER_PATHS = NO;
				CLANG_ANALYZER_NONNULL = YES;
				CLANG_ANALYZER_NUMBER_OBJECT_CONVERSION = YES_AGGRESSIVE;
				CLANG_CXX_LANGUAGE_STANDARD = "gnu++17";
				CLANG_ENABLE_MODULES = YES;
				CLANG_ENABLE_OBJC_ARC = YES;
				CLANG_ENABLE_OBJC_WEAK = YES;
				CLANG_WARN_BLOCK_CAPTURE_AUTORELEASING = YES;
				CLANG_WARN_BOOL_CONVERSION = YES;
				CLANG_WARN_COMMA = YES;
				CLANG_WARN_CONSTANT_CONVERSION = YES;
				CLANG_WARN_DEPRECATED_OBJC_IMPLEMENTATIONS = YES;
				CLANG_WARN_DIRECT_OBJC_ISA_USAGE = YES_ERROR;
				CLANG_WARN_DOCUMENTATION_COMMENTS = YES;
				CLANG_WARN_EMPTY_BODY = YES;
				CLANG_WARN_ENUM_CONVERSION = YES;
				CLANG_WARN_INFINITE_RECURSION = YES;
				CLANG_WARN_INT_CONVERSION = YES;
				CLANG_WARN_NON_LITERAL_NULL_CONVERSION = YES;
				CLANG_WARN_OBJC_IMPLICIT_RETAIN_SELF = YES;
				CLANG_WARN_OBJC_LITERAL_CONVERSION = YES;
				CLANG_WARN_OBJC_ROOT_CLASS = YES_ERROR;
				CLANG_WARN_QUOTED_INCLUDE_IN_FRAMEWORK_HEADER = YES;
				CLANG_WARN_RANGE_LOOP_ANALYSIS = YES;
				CLANG_WARN_STRICT_PROTOTYPES = YES;
				CLANG_WARN_SUSPICIOUS_MOVE = YES;
				CLANG_WARN_UNGUARDED_AVAILABILITY = YES_AGGRESSIVE;
				CLANG_WARN_UNREACHABLE_CODE = YES;
				CLANG_WARN__DUPLICATE_METHOD_MATCH = YES;
				COPY_PHASE_STRIP = NO;
				DEBUG_INFORMATION_FORMAT = dwarf;
				ENABLE_STRICT_OBJC_MSGSEND = YES;
				ENABLE_TESTABILITY = YES;
				GCC_C_LANGUAGE_STANDARD = gnu11;
				GCC_DYNAMIC_NO_PIC = NO;
				GCC_NO_COMMON_BLOCKS = YES;
				GCC_OPTIMIZATION_LEVEL = 0;
				GCC_PREPROCESSOR_DEFINITIONS = (
					"DEBUG=1",
					"$(inherited)",
				);
				GCC_WARN_64_TO_32_BIT_CONVERSION = YES;
				GCC_WARN_ABOUT_RETURN_TYPE = YES_ERROR;
				GCC_WARN_UNDECLARED_SELECTOR = YES;
				GCC_WARN_UNINITIALIZED_AUTOS = YES_AGGRESSIVE;
				GCC_WARN_UNUSED_FUNCTION = YES;
				GCC_WARN_UNUSED_VARIABLE = YES;
				IPHONEOS_DEPLOYMENT_TARGET = 15.4;
				MTL_ENABLE_DEBUG_INFO = INCLUDE_SOURCE;
				MTL_FAST_MATH = YES;
				ONLY_ACTIVE_ARCH = YES;
				SDKROOT = iphoneos;
				SWIFT_ACTIVE_COMPILATION_CONDITIONS = DEBUG;
				SWIFT_OPTIMIZATION_LEVEL = "-Onone";
			};
			name = Debug;
		};
		6002F951282D5F7F0088EBAB /* Release */ = {
			isa = XCBuildConfiguration;
			buildSettings = {
				ALWAYS_SEARCH_USER_PATHS = NO;
				CLANG_ANALYZER_NONNULL = YES;
				CLANG_ANALYZER_NUMBER_OBJECT_CONVERSION = YES_AGGRESSIVE;
				CLANG_CXX_LANGUAGE_STANDARD = "gnu++17";
				CLANG_ENABLE_MODULES = YES;
				CLANG_ENABLE_OBJC_ARC = YES;
				CLANG_ENABLE_OBJC_WEAK = YES;
				CLANG_WARN_BLOCK_CAPTURE_AUTORELEASING = YES;
				CLANG_WARN_BOOL_CONVERSION = YES;
				CLANG_WARN_COMMA = YES;
				CLANG_WARN_CONSTANT_CONVERSION = YES;
				CLANG_WARN_DEPRECATED_OBJC_IMPLEMENTATIONS = YES;
				CLANG_WARN_DIRECT_OBJC_ISA_USAGE = YES_ERROR;
				CLANG_WARN_DOCUMENTATION_COMMENTS = YES;
				CLANG_WARN_EMPTY_BODY = YES;
				CLANG_WARN_ENUM_CONVERSION = YES;
				CLANG_WARN_INFINITE_RECURSION = YES;
				CLANG_WARN_INT_CONVERSION = YES;
				CLANG_WARN_NON_LITERAL_NULL_CONVERSION = YES;
				CLANG_WARN_OBJC_IMPLICIT_RETAIN_SELF = YES;
				CLANG_WARN_OBJC_LITERAL_CONVERSION = YES;
				CLANG_WARN_OBJC_ROOT_CLASS = YES_ERROR;
				CLANG_WARN_QUOTED_INCLUDE_IN_FRAMEWORK_HEADER = YES;
				CLANG_WARN_RANGE_LOOP_ANALYSIS = YES;
				CLANG_WARN_STRICT_PROTOTYPES = YES;
				CLANG_WARN_SUSPICIOUS_MOVE = YES;
				CLANG_WARN_UNGUARDED_AVAILABILITY = YES_AGGRESSIVE;
				CLANG_WARN_UNREACHABLE_CODE = YES;
				CLANG_WARN__DUPLICATE_METHOD_MATCH = YES;
				COPY_PHASE_STRIP = NO;
				DEBUG_INFORMATION_FORMAT = "dwarf-with-dsym";
				ENABLE_NS_ASSERTIONS = NO;
				ENABLE_STRICT_OBJC_MSGSEND = YES;
				GCC_C_LANGUAGE_STANDARD = gnu11;
				GCC_NO_COMMON_BLOCKS = YES;
				GCC_WARN_64_TO_32_BIT_CONVERSION = YES;
				GCC_WARN_ABOUT_RETURN_TYPE = YES_ERROR;
				GCC_WARN_UNDECLARED_SELECTOR = YES;
				GCC_WARN_UNINITIALIZED_AUTOS = YES_AGGRESSIVE;
				GCC_WARN_UNUSED_FUNCTION = YES;
				GCC_WARN_UNUSED_VARIABLE = YES;
				IPHONEOS_DEPLOYMENT_TARGET = 15.4;
				MTL_ENABLE_DEBUG_INFO = NO;
				MTL_FAST_MATH = YES;
				SDKROOT = iphoneos;
				SWIFT_COMPILATION_MODE = wholemodule;
				SWIFT_OPTIMIZATION_LEVEL = "-O";
				VALIDATE_PRODUCT = YES;
			};
			name = Release;
		};
		6002F953282D5F7F0088EBAB /* Debug */ = {
			isa = XCBuildConfiguration;
			buildSettings = {
				ASSETCATALOG_COMPILER_APPICON_NAME = AppIcon;
				ASSETCATALOG_COMPILER_GLOBAL_ACCENT_COLOR_NAME = AccentColor;
				CODE_SIGN_STYLE = Automatic;
				CURRENT_PROJECT_VERSION = 1;
				DEVELOPMENT_TEAM = 876GZYDWFS;
				GENERATE_INFOPLIST_FILE = YES;
				INFOPLIST_KEY_UIApplicationSupportsIndirectInputEvents = YES;
				INFOPLIST_KEY_UILaunchStoryboardName = LaunchScreen;
				INFOPLIST_KEY_UIMainStoryboardFile = Main;
				INFOPLIST_KEY_UIStatusBarHidden = YES;
				INFOPLIST_KEY_UISupportedInterfaceOrientations = UIInterfaceOrientationPortrait;
				INFOPLIST_KEY_UISupportedInterfaceOrientations_iPad = "UIInterfaceOrientationPortrait UIInterfaceOrientationPortraitUpsideDown UIInterfaceOrientationLandscapeLeft UIInterfaceOrientationLandscapeRight";
				INFOPLIST_KEY_UISupportedInterfaceOrientations_iPhone = "UIInterfaceOrientationPortrait UIInterfaceOrientationLandscapeLeft UIInterfaceOrientationLandscapeRight";
				LD_RUNPATH_SEARCH_PATHS = (
					"$(inherited)",
					"@executable_path/Frameworks",
				);
				MARKETING_VERSION = 1.0;
				PRODUCT_BUNDLE_IDENTIFIER = com.evhenii.mahlena.WarFly;
				PRODUCT_NAME = "$(TARGET_NAME)";
				SWIFT_EMIT_LOC_STRINGS = YES;
				SWIFT_VERSION = 5.0;
				TARGETED_DEVICE_FAMILY = 1;
			};
			name = Debug;
		};
		6002F954282D5F7F0088EBAB /* Release */ = {
			isa = XCBuildConfiguration;
			buildSettings = {
				ASSETCATALOG_COMPILER_APPICON_NAME = AppIcon;
				ASSETCATALOG_COMPILER_GLOBAL_ACCENT_COLOR_NAME = AccentColor;
				CODE_SIGN_STYLE = Automatic;
				CURRENT_PROJECT_VERSION = 1;
				DEVELOPMENT_TEAM = 876GZYDWFS;
				GENERATE_INFOPLIST_FILE = YES;
				INFOPLIST_KEY_UIApplicationSupportsIndirectInputEvents = YES;
				INFOPLIST_KEY_UILaunchStoryboardName = LaunchScreen;
				INFOPLIST_KEY_UIMainStoryboardFile = Main;
				INFOPLIST_KEY_UIStatusBarHidden = YES;
				INFOPLIST_KEY_UISupportedInterfaceOrientations = UIInterfaceOrientationPortrait;
				INFOPLIST_KEY_UISupportedInterfaceOrientations_iPad = "UIInterfaceOrientationPortrait UIInterfaceOrientationPortraitUpsideDown UIInterfaceOrientationLandscapeLeft UIInterfaceOrientationLandscapeRight";
				INFOPLIST_KEY_UISupportedInterfaceOrientations_iPhone = "UIInterfaceOrientationPortrait UIInterfaceOrientationLandscapeLeft UIInterfaceOrientationLandscapeRight";
				LD_RUNPATH_SEARCH_PATHS = (
					"$(inherited)",
					"@executable_path/Frameworks",
				);
				MARKETING_VERSION = 1.0;
				PRODUCT_BUNDLE_IDENTIFIER = com.evhenii.mahlena.WarFly;
				PRODUCT_NAME = "$(TARGET_NAME)";
				SWIFT_EMIT_LOC_STRINGS = YES;
				SWIFT_VERSION = 5.0;
				TARGETED_DEVICE_FAMILY = 1;
			};
			name = Release;
		};
/* End XCBuildConfiguration section */

/* Begin XCConfigurationList section */
		6002F936282D5F7D0088EBAB /* Build configuration list for PBXProject "WarFly" */ = {
			isa = XCConfigurationList;
			buildConfigurations = (
				6002F950282D5F7F0088EBAB /* Debug */,
				6002F951282D5F7F0088EBAB /* Release */,
			);
			defaultConfigurationIsVisible = 0;
			defaultConfigurationName = Release;
		};
		6002F952282D5F7F0088EBAB /* Build configuration list for PBXNativeTarget "WarFly" */ = {
			isa = XCConfigurationList;
			buildConfigurations = (
				6002F953282D5F7F0088EBAB /* Debug */,
				6002F954282D5F7F0088EBAB /* Release */,
			);
			defaultConfigurationIsVisible = 0;
			defaultConfigurationName = Release;
		};
/* End XCConfigurationList section */
	};
	rootObject = 6002F933282D5F7D0088EBAB /* Project object */;
}
