// !$*UTF8*$!
{
	archiveVersion = 1;
	classes = {
	};
	objectVersion = 55;
	objects = {

/* Begin PBXBuildFile section */
		6002F93F282D5F7D0088EBAB /* AppDelegate.swift in Sources */ = {isa = PBXBuildFile; fileRef = 6002F93E282D5F7D0088EBAB /* AppDelegate.swift */; };
		6002F945282D5F7D0088EBAB /* GameScene.swift in Sources */ = {isa = PBXBuildFile; fileRef = 6002F944282D5F7D0088EBAB /* GameScene.swift */; };
		6002F947282D5F7D0088EBAB /* GameViewController.swift in Sources */ = {isa = PBXBuildFile; fileRef = 6002F946282D5F7D0088EBAB /* GameViewController.swift */; };
		6002F94A282D5F7D0088EBAB /* Main.storyboard in Resources */ = {isa = PBXBuildFile; fileRef = 6002F948282D5F7D0088EBAB /* Main.storyboard */; };
		6002F94C282D5F7F0088EBAB /* Assets.xcassets in Resources */ = {isa = PBXBuildFile; fileRef = 6002F94B282D5F7F0088EBAB /* Assets.xcassets */; };
		6002F94F282D5F7F0088EBAB /* LaunchScreen.storyboard in Resources */ = {isa = PBXBuildFile; fileRef = 6002F94D282D5F7F0088EBAB /* LaunchScreen.storyboard */; };
		6002F956282D62320088EBAB /* Background.swift in Sources */ = {isa = PBXBuildFile; fileRef = 6002F955282D62320088EBAB /* Background.swift */; };
		6002F958282D647A0088EBAB /* Island.swift in Sources */ = {isa = PBXBuildFile; fileRef = 6002F957282D647A0088EBAB /* Island.swift */; };
		6002F95B282D69980088EBAB /* Clouds.swift in Sources */ = {isa = PBXBuildFile; fileRef = 6002F95A282D69980088EBAB /* Clouds.swift */; };
		6002F95E282D69E50088EBAB /* SpriteProtocol.swift in Sources */ = {isa = PBXBuildFile; fileRef = 6002F95D282D69E50088EBAB /* SpriteProtocol.swift */; };
		6002F960282D70570088EBAB /* PlayerPlane.swift in Sources */ = {isa = PBXBuildFile; fileRef = 6002F95F282D70570088EBAB /* PlayerPlane.swift */; };
		6002F999282D71640088EBAB /* PlayerPlane.atlas in Resources */ = {isa = PBXBuildFile; fileRef = 6002F998282D71640088EBAB /* PlayerPlane.atlas */; };
		6026525E282FAC8F00E4C2D0 /* HUD.swift in Sources */ = {isa = PBXBuildFile; fileRef = 6026525D282FAC8F00E4C2D0 /* HUD.swift */; };
		60265262282FB0CC00E4C2D0 /* ButtonNode.swift in Sources */ = {isa = PBXBuildFile; fileRef = 60265261282FB0CC00E4C2D0 /* ButtonNode.swift */; };
		60265264282FB55A00E4C2D0 /* PauseScene.swift in Sources */ = {isa = PBXBuildFile; fileRef = 60265263282FB55A00E4C2D0 /* PauseScene.swift */; };
		60265266282FB85B00E4C2D0 /* SceneManager.swift in Sources */ = {isa = PBXBuildFile; fileRef = 60265265282FB85B00E4C2D0 /* SceneManager.swift */; };
		604E4A52282FBE1B009CEC85 /* ParentScene.swift in Sources */ = {isa = PBXBuildFile; fileRef = 604E4A51282FBE1B009CEC85 /* ParentScene.swift */; };
		604E4A54282FC082009CEC85 /* OptionsScene.swift in Sources */ = {isa = PBXBuildFile; fileRef = 604E4A53282FC082009CEC85 /* OptionsScene.swift */; };
		604E4A56282FC5FE009CEC85 /* ScoreScene.swift in Sources */ = {isa = PBXBuildFile; fileRef = 604E4A55282FC5FE009CEC85 /* ScoreScene.swift */; };
		604E4A59282FD09D009CEC85 /* EnemyExplosion.sks in Resources */ = {isa = PBXBuildFile; fileRef = 604E4A57282FD09D009CEC85 /* EnemyExplosion.sks */; };
		604E4A5A282FD09D009CEC85 /* Assets.xcassets in Resources */ = {isa = PBXBuildFile; fileRef = 604E4A58282FD09D009CEC85 /* Assets.xcassets */; };
		604E4A5D282FD52E009CEC85 /* GameOverScene.swift in Sources */ = {isa = PBXBuildFile; fileRef = 604E4A5C282FD52E009CEC85 /* GameOverScene.swift */; };
		604E4A6028303074009CEC85 /* backgroundMusic.m4a in Resources */ = {isa = PBXBuildFile; fileRef = 604E4A5E28303074009CEC85 /* backgroundMusic.m4a */; };
		604E4A6128303074009CEC85 /* hitSound.wav in Resources */ = {isa = PBXBuildFile; fileRef = 604E4A5F28303074009CEC85 /* hitSound.wav */; };
		604E4A672830354A009CEC85 /* shot.wav in Resources */ = {isa = PBXBuildFile; fileRef = 604E4A662830354A009CEC85 /* shot.wav */; };
		604E4A6928303609009CEC85 /* powerUp.wav in Resources */ = {isa = PBXBuildFile; fileRef = 604E4A6828303609009CEC85 /* powerUp.wav */; };
		604E4A6B28303809009CEC85 /* GameSettings.swift in Sources */ = {isa = PBXBuildFile; fileRef = 604E4A6A28303809009CEC85 /* GameSettings.swift */; };
		604E4A6E283040DD009CEC85 /* GameSettingsKeys.swift in Sources */ = {isa = PBXBuildFile; fileRef = 604E4A6D283040DD009CEC85 /* GameSettingsKeys.swift */; };
		605E8A2F282E4CE400C23D92 /* MainPowerUp.swift in Sources */ = {isa = PBXBuildFile; fileRef = 605E8A2E282E4CE400C23D92 /* MainPowerUp.swift */; };
		605E8A31282E4D6C00C23D92 /* GreenPowerUp.atlas in Resources */ = {isa = PBXBuildFile; fileRef = 605E8A30282E4D6C00C23D92 /* GreenPowerUp.atlas */; };
		605E8A38282E5F3E00C23D92 /* Enemy.swift in Sources */ = {isa = PBXBuildFile; fileRef = 605E8A37282E5F3E00C23D92 /* Enemy.swift */; };
		605E8A3B282E634100C23D92 /* Enemy_1.atlas in Resources */ = {isa = PBXBuildFile; fileRef = 605E8A3A282E634100C23D92 /* Enemy_1.atlas */; };
		605E8A3D282E6CA600C23D92 /* Enemy_2.atlas in Resources */ = {isa = PBXBuildFile; fileRef = 605E8A3C282E6CA600C23D92 /* Enemy_2.atlas */; };
		605E8A3F282E734700C23D92 /* BluePowerUp.atlas in Resources */ = {isa = PBXBuildFile; fileRef = 605E8A3E282E734600C23D92 /* BluePowerUp.atlas */; };
		60942F8C282E8E1B001CFF90 /* BitMaskCategory.swift in Sources */ = {isa = PBXBuildFile; fileRef = 60942F8B282E8E1B001CFF90 /* BitMaskCategory.swift */; };
		60CF06E3282E7689002012A2 /* BluePowerUp.swift in Sources */ = {isa = PBXBuildFile; fileRef = 60CF06E2282E7689002012A2 /* BluePowerUp.swift */; };
		60CF06E5282E7695002012A2 /* GreenPowerUp.swift in Sources */ = {isa = PBXBuildFile; fileRef = 60CF06E4282E7695002012A2 /* GreenPowerUp.swift */; };
		60CF06EA282E7D44002012A2 /* Shot.swift in Sources */ = {isa = PBXBuildFile; fileRef = 60CF06E9282E7D44002012A2 /* Shot.swift */; };
		60CF06EC282E7EBA002012A2 /* YellowShot.swift in Sources */ = {isa = PBXBuildFile; fileRef = 60CF06EB282E7EBA002012A2 /* YellowShot.swift */; };
		60CF06EE282E7F8E002012A2 /* YellowShot.atlas in Resources */ = {isa = PBXBuildFile; fileRef = 60CF06ED282E7F8E002012A2 /* YellowShot.atlas */; };
		60CF06F0282E83D1002012A2 /* AssetsStorage.swift in Sources */ = {isa = PBXBuildFile; fileRef = 60CF06EF282E83D1002012A2 /* AssetsStorage.swift */; };
		60CF06F3282E880A002012A2 /* MenuScene.swift in Sources */ = {isa = PBXBuildFile; fileRef = 60CF06F2282E880A002012A2 /* MenuScene.swift */; };
/* End PBXBuildFile section */

/* Begin PBXFileReference section */
		6002F93B282D5F7D0088EBAB /* CatOfWar.app */ = {isa = PBXFileReference; explicitFileType = wrapper.application; includeInIndex = 0; path = CatOfWar.app; sourceTree = BUILT_PRODUCTS_DIR; };
		6002F93E282D5F7D0088EBAB /* AppDelegate.swift */ = {isa = PBXFileReference; lastKnownFileType = sourcecode.swift; path = AppDelegate.swift; sourceTree = "<group>"; };
		6002F944282D5F7D0088EBAB /* GameScene.swift */ = {isa = PBXFileReference; lastKnownFileType = sourcecode.swift; path = GameScene.swift; sourceTree = "<group>"; };
		6002F946282D5F7D0088EBAB /* GameViewController.swift */ = {isa = PBXFileReference; lastKnownFileType = sourcecode.swift; path = GameViewController.swift; sourceTree = "<group>"; };
		6002F949282D5F7D0088EBAB /* Base */ = {isa = PBXFileReference; lastKnownFileType = file.storyboard; name = Base; path = Base.lproj/Main.storyboard; sourceTree = "<group>"; };
		6002F94B282D5F7F0088EBAB /* Assets.xcassets */ = {isa = PBXFileReference; lastKnownFileType = folder.assetcatalog; path = Assets.xcassets; sourceTree = "<group>"; };
		6002F94E282D5F7F0088EBAB /* Base */ = {isa = PBXFileReference; lastKnownFileType = file.storyboard; name = Base; path = Base.lproj/LaunchScreen.storyboard; sourceTree = "<group>"; };
		6002F955282D62320088EBAB /* Background.swift */ = {isa = PBXFileReference; lastKnownFileType = sourcecode.swift; path = Background.swift; sourceTree = "<group>"; };
		6002F957282D647A0088EBAB /* Island.swift */ = {isa = PBXFileReference; lastKnownFileType = sourcecode.swift; path = Island.swift; sourceTree = "<group>"; };
		6002F95A282D69980088EBAB /* Clouds.swift */ = {isa = PBXFileReference; lastKnownFileType = sourcecode.swift; path = Clouds.swift; sourceTree = "<group>"; };
		6002F95D282D69E50088EBAB /* SpriteProtocol.swift */ = {isa = PBXFileReference; lastKnownFileType = sourcecode.swift; path = SpriteProtocol.swift; sourceTree = "<group>"; };
		6002F95F282D70570088EBAB /* PlayerPlane.swift */ = {isa = PBXFileReference; lastKnownFileType = sourcecode.swift; path = PlayerPlane.swift; sourceTree = "<group>"; };
		6002F998282D71640088EBAB /* PlayerPlane.atlas */ = {isa = PBXFileReference; lastKnownFileType = folder.skatlas; path = PlayerPlane.atlas; sourceTree = "<group>"; };
		6026525D282FAC8F00E4C2D0 /* HUD.swift */ = {isa = PBXFileReference; lastKnownFileType = sourcecode.swift; path = HUD.swift; sourceTree = "<group>"; };
		60265261282FB0CC00E4C2D0 /* ButtonNode.swift */ = {isa = PBXFileReference; lastKnownFileType = sourcecode.swift; path = ButtonNode.swift; sourceTree = "<group>"; };
		60265263282FB55A00E4C2D0 /* PauseScene.swift */ = {isa = PBXFileReference; lastKnownFileType = sourcecode.swift; path = PauseScene.swift; sourceTree = "<group>"; };
		60265265282FB85B00E4C2D0 /* SceneManager.swift */ = {isa = PBXFileReference; lastKnownFileType = sourcecode.swift; path = SceneManager.swift; sourceTree = "<group>"; };
		604E4A51282FBE1B009CEC85 /* ParentScene.swift */ = {isa = PBXFileReference; lastKnownFileType = sourcecode.swift; path = ParentScene.swift; sourceTree = "<group>"; };
		604E4A53282FC082009CEC85 /* OptionsScene.swift */ = {isa = PBXFileReference; lastKnownFileType = sourcecode.swift; path = OptionsScene.swift; sourceTree = "<group>"; };
		604E4A55282FC5FE009CEC85 /* ScoreScene.swift */ = {isa = PBXFileReference; lastKnownFileType = sourcecode.swift; path = ScoreScene.swift; sourceTree = "<group>"; };
		604E4A57282FD09D009CEC85 /* EnemyExplosion.sks */ = {isa = PBXFileReference; lastKnownFileType = file.sks; path = EnemyExplosion.sks; sourceTree = "<group>"; };
		604E4A58282FD09D009CEC85 /* Assets.xcassets */ = {isa = PBXFileReference; lastKnownFileType = folder.assetcatalog; path = Assets.xcassets; sourceTree = "<group>"; };
		604E4A5C282FD52E009CEC85 /* GameOverScene.swift */ = {isa = PBXFileReference; lastKnownFileType = sourcecode.swift; path = GameOverScene.swift; sourceTree = "<group>"; };
		604E4A5E28303074009CEC85 /* backgroundMusic.m4a */ = {isa = PBXFileReference; lastKnownFileType = file; path = backgroundMusic.m4a; sourceTree = "<group>"; };
		604E4A5F28303074009CEC85 /* hitSound.wav */ = {isa = PBXFileReference; lastKnownFileType = audio.wav; path = hitSound.wav; sourceTree = "<group>"; };
		604E4A662830354A009CEC85 /* shot.wav */ = {isa = PBXFileReference; lastKnownFileType = audio.wav; path = shot.wav; sourceTree = "<group>"; };
		604E4A6828303609009CEC85 /* powerUp.wav */ = {isa = PBXFileReference; lastKnownFileType = audio.wav; path = powerUp.wav; sourceTree = "<group>"; };
		604E4A6A28303809009CEC85 /* GameSettings.swift */ = {isa = PBXFileReference; lastKnownFileType = sourcecode.swift; path = GameSettings.swift; sourceTree = "<group>"; };
		604E4A6D283040DD009CEC85 /* GameSettingsKeys.swift */ = {isa = PBXFileReference; lastKnownFileType = sourcecode.swift; path = GameSettingsKeys.swift; sourceTree = "<group>"; };
		605E8A2E282E4CE400C23D92 /* MainPowerUp.swift */ = {isa = PBXFileReference; lastKnownFileType = sourcecode.swift; path = MainPowerUp.swift; sourceTree = "<group>"; };
		605E8A30282E4D6C00C23D92 /* GreenPowerUp.atlas */ = {isa = PBXFileReference; lastKnownFileType = folder.skatlas; path = GreenPowerUp.atlas; sourceTree = "<group>"; };
		605E8A37282E5F3E00C23D92 /* Enemy.swift */ = {isa = PBXFileReference; lastKnownFileType = sourcecode.swift; path = Enemy.swift; sourceTree = "<group>"; };
		605E8A3A282E634100C23D92 /* Enemy_1.atlas */ = {isa = PBXFileReference; lastKnownFileType = folder.skatlas; path = Enemy_1.atlas; sourceTree = "<group>"; };
		605E8A3C282E6CA600C23D92 /* Enemy_2.atlas */ = {isa = PBXFileReference; lastKnownFileType = folder.skatlas; path = Enemy_2.atlas; sourceTree = "<group>"; };
		605E8A3E282E734600C23D92 /* BluePowerUp.atlas */ = {isa = PBXFileReference; lastKnownFileType = folder.skatlas; path = BluePowerUp.atlas; sourceTree = "<group>"; };
		60942F8B282E8E1B001CFF90 /* BitMaskCategory.swift */ = {isa = PBXFileReference; lastKnownFileType = sourcecode.swift; path = BitMaskCategory.swift; sourceTree = "<group>"; };
		60CF06E2282E7689002012A2 /* BluePowerUp.swift */ = {isa = PBXFileReference; lastKnownFileType = sourcecode.swift; path = BluePowerUp.swift; sourceTree = "<group>"; };
		60CF06E4282E7695002012A2 /* GreenPowerUp.swift */ = {isa = PBXFileReference; lastKnownFileType = sourcecode.swift; path = GreenPowerUp.swift; sourceTree = "<group>"; };
		60CF06E9282E7D44002012A2 /* Shot.swift */ = {isa = PBXFileReference; lastKnownFileType = sourcecode.swift; path = Shot.swift; sourceTree = "<group>"; };
		60CF06EB282E7EBA002012A2 /* YellowShot.swift */ = {isa = PBXFileReference; lastKnownFileType = sourcecode.swift; path = YellowShot.swift; sourceTree = "<group>"; };
		60CF06ED282E7F8E002012A2 /* YellowShot.atlas */ = {isa = PBXFileReference; lastKnownFileType = folder.skatlas; path = YellowShot.atlas; sourceTree = "<group>"; };
		60CF06EF282E83D1002012A2 /* AssetsStorage.swift */ = {isa = PBXFileReference; lastKnownFileType = sourcecode.swift; path = AssetsStorage.swift; sourceTree = "<group>"; };
		60CF06F2282E880A002012A2 /* MenuScene.swift */ = {isa = PBXFileReference; lastKnownFileType = sourcecode.swift; path = MenuScene.swift; sourceTree = "<group>"; };
/* End PBXFileReference section */

/* Begin PBXFrameworksBuildPhase section */
		6002F938282D5F7D0088EBAB /* Frameworks */ = {
			isa = PBXFrameworksBuildPhase;
			buildActionMask = 2147483647;
			files = (
			);
			runOnlyForDeploymentPostprocessing = 0;
		};
/* End PBXFrameworksBuildPhase section */

/* Begin PBXGroup section */
		6002F932282D5F7D0088EBAB = {
			isa = PBXGroup;
			children = (
				6002F93D282D5F7D0088EBAB /* CatOfWar */,
				6002F93C282D5F7D0088EBAB /* Products */,
			);
			sourceTree = "<group>";
		};
		6002F93C282D5F7D0088EBAB /* Products */ = {
			isa = PBXGroup;
			children = (
				6002F93B282D5F7D0088EBAB /* CatOfWar.app */,
			);
			name = Products;
			sourceTree = "<group>";
		};
		6002F93D282D5F7D0088EBAB /* CatOfWar */ = {
			isa = PBXGroup;
			children = (
				604E4A5B282FD0A7009CEC85 /* Particles */,
				6002F955282D62320088EBAB /* Background.swift */,
				60265261282FB0CC00E4C2D0 /* ButtonNode.swift */,
				6026525D282FAC8F00E4C2D0 /* HUD.swift */,
				60942F8D282E9C67001CFF90 /* Managers */,
				6002F959282D69460088EBAB /* Sprites */,
				60CF06F1282E87AA002012A2 /* Scenes */,
				60265260282FAE7F00E4C2D0 /* Controllers */,
				6026525F282FAE5B00E4C2D0 /* Supporting Files */,
				60CF06E8282E7CD3002012A2 /* Atlases */,
			);
			path = CatOfWar;
			sourceTree = "<group>";
		};
		6002F959282D69460088EBAB /* Sprites */ = {
			isa = PBXGroup;
			children = (
				605E8A32282E5ECA00C23D92 /* ground */,
				605E8A35282E5EFE00C23D92 /* Powers */,
				605E8A36282E5F0900C23D92 /* Enemies */,
				605E8A33282E5EDE00C23D92 /* PlayerPlane */,
				60CF06E9282E7D44002012A2 /* Shot.swift */,
				60CF06EB282E7EBA002012A2 /* YellowShot.swift */,
				604E4A58282FD09D009CEC85 /* Assets.xcassets */,
			);
			path = Sprites;
			sourceTree = "<group>";
		};
		6026525F282FAE5B00E4C2D0 /* Supporting Files */ = {
			isa = PBXGroup;
			children = (
				604E4A6228303078009CEC85 /* Sounds */,
				6002F93E282D5F7D0088EBAB /* AppDelegate.swift */,
				6002F948282D5F7D0088EBAB /* Main.storyboard */,
				6002F94B282D5F7F0088EBAB /* Assets.xcassets */,
				6002F94D282D5F7F0088EBAB /* LaunchScreen.storyboard */,
			);
			path = "Supporting Files";
			sourceTree = "<group>";
		};
		60265260282FAE7F00E4C2D0 /* Controllers */ = {
			isa = PBXGroup;
			children = (
				6002F946282D5F7D0088EBAB /* GameViewController.swift */,
			);
			path = Controllers;
			sourceTree = "<group>";
		};
		604E4A5B282FD0A7009CEC85 /* Particles */ = {
			isa = PBXGroup;
			children = (
				604E4A57282FD09D009CEC85 /* EnemyExplosion.sks */,
			);
			path = Particles;
			sourceTree = "<group>";
		};
		604E4A6228303078009CEC85 /* Sounds */ = {
			isa = PBXGroup;
			children = (
				604E4A6828303609009CEC85 /* powerUp.wav */,
				604E4A5E28303074009CEC85 /* backgroundMusic.m4a */,
				604E4A662830354A009CEC85 /* shot.wav */,
				604E4A5F28303074009CEC85 /* hitSound.wav */,
			);
			path = Sounds;
			sourceTree = "<group>";
		};
		604E4A6C283040CE009CEC85 /* GameSettings */ = {
			isa = PBXGroup;
			children = (
				604E4A6A28303809009CEC85 /* GameSettings.swift */,
				604E4A6D283040DD009CEC85 /* GameSettingsKeys.swift */,
			);
			path = GameSettings;
			sourceTree = "<group>";
		};
		605E8A32282E5ECA00C23D92 /* ground */ = {
			isa = PBXGroup;
			children = (
				605E8A34282E5EE700C23D92 /* ground Protocols */,
				6002F957282D647A0088EBAB /* Island.swift */,
				6002F95A282D69980088EBAB /* Clouds.swift */,
			);
			path = ground;
			sourceTree = "<group>";
		};
		605E8A33282E5EDE00C23D92 /* PlayerPlane */ = {
			isa = PBXGroup;
			children = (
				6002F95F282D70570088EBAB /* PlayerPlane.swift */,
			);
			path = PlayerPlane;
			sourceTree = "<group>";
		};
		605E8A34282E5EE700C23D92 /* ground Protocols */ = {
			isa = PBXGroup;
			children = (
				6002F95D282D69E50088EBAB /* SpriteProtocol.swift */,
			);
			path = "ground Protocols";
			sourceTree = "<group>";
		};
		605E8A35282E5EFE00C23D92 /* Powers */ = {
			isa = PBXGroup;
			children = (
				605E8A2E282E4CE400C23D92 /* MainPowerUp.swift */,
				60CF06E2282E7689002012A2 /* BluePowerUp.swift */,
				60CF06E4282E7695002012A2 /* GreenPowerUp.swift */,
			);
			path = Powers;
			sourceTree = "<group>";
		};
		605E8A36282E5F0900C23D92 /* Enemies */ = {
			isa = PBXGroup;
			children = (
				605E8A37282E5F3E00C23D92 /* Enemy.swift */,
			);
			path = Enemies;
			sourceTree = "<group>";
		};
		60942F8D282E9C67001CFF90 /* Managers */ = {
			isa = PBXGroup;
			children = (
				60942F8B282E8E1B001CFF90 /* BitMaskCategory.swift */,
				60CF06EF282E83D1002012A2 /* AssetsStorage.swift */,
				60265265282FB85B00E4C2D0 /* SceneManager.swift */,
				604E4A6C283040CE009CEC85 /* GameSettings */,
			);
			path = Managers;
			sourceTree = "<group>";
		};
		60CF06E8282E7CD3002012A2 /* Atlases */ = {
			isa = PBXGroup;
			children = (
				60CF06ED282E7F8E002012A2 /* YellowShot.atlas */,
				605E8A30282E4D6C00C23D92 /* GreenPowerUp.atlas */,
				605E8A3E282E734600C23D92 /* BluePowerUp.atlas */,
				605E8A3C282E6CA600C23D92 /* Enemy_2.atlas */,
				605E8A3A282E634100C23D92 /* Enemy_1.atlas */,
				6002F998282D71640088EBAB /* PlayerPlane.atlas */,
			);
			path = Atlases;
			sourceTree = "<group>";
		};
		60CF06F1282E87AA002012A2 /* Scenes */ = {
			isa = PBXGroup;
			children = (
				604E4A51282FBE1B009CEC85 /* ParentScene.swift */,
				60CF06F2282E880A002012A2 /* MenuScene.swift */,
				6002F944282D5F7D0088EBAB /* GameScene.swift */,
				60265263282FB55A00E4C2D0 /* PauseScene.swift */,
				604E4A53282FC082009CEC85 /* OptionsScene.swift */,
				604E4A55282FC5FE009CEC85 /* ScoreScene.swift */,
				604E4A5C282FD52E009CEC85 /* GameOverScene.swift */,
			);
			path = Scenes;
			sourceTree = "<group>";
		};
/* End PBXGroup section */

/* Begin PBXNativeTarget section */
		6002F93A282D5F7D0088EBAB /* CatOfWar */ = {
			isa = PBXNativeTarget;
			buildConfigurationList = 6002F952282D5F7F0088EBAB /* Build configuration list for PBXNativeTarget "CatOfWar" */;
			buildPhases = (
				6002F937282D5F7D0088EBAB /* Sources */,
				6002F938282D5F7D0088EBAB /* Frameworks */,
				6002F939282D5F7D0088EBAB /* Resources */,
			);
			buildRules = (
			);
			dependencies = (
			);
			name = CatOfWar;
			productName = WarFly;
			productReference = 6002F93B282D5F7D0088EBAB /* CatOfWar.app */;
			productType = "com.apple.product-type.application";
		};
/* End PBXNativeTarget section */

/* Begin PBXProject section */
		6002F933282D5F7D0088EBAB /* Project object */ = {
			isa = PBXProject;
			attributes = {
				BuildIndependentTargetsInParallel = 1;
				LastSwiftUpdateCheck = 1330;
				LastUpgradeCheck = 1330;
				TargetAttributes = {
					6002F93A282D5F7D0088EBAB = {
						CreatedOnToolsVersion = 13.3.1;
					};
				};
			};
			buildConfigurationList = 6002F936282D5F7D0088EBAB /* Build configuration list for PBXProject "CatOfWar" */;
			compatibilityVersion = "Xcode 13.0";
			developmentRegion = en;
			hasScannedForEncodings = 0;
			knownRegions = (
				en,
				Base,
			);
			mainGroup = 6002F932282D5F7D0088EBAB;
			productRefGroup = 6002F93C282D5F7D0088EBAB /* Products */;
			projectDirPath = "";
			projectRoot = "";
			targets = (
				6002F93A282D5F7D0088EBAB /* CatOfWar */,
			);
		};
/* End PBXProject section */

/* Begin PBXResourcesBuildPhase section */
		6002F939282D5F7D0088EBAB /* Resources */ = {
			isa = PBXResourcesBuildPhase;
			buildActionMask = 2147483647;
			files = (
				605E8A3D282E6CA600C23D92 /* Enemy_2.atlas in Resources */,
				60CF06EE282E7F8E002012A2 /* YellowShot.atlas in Resources */,
				604E4A5A282FD09D009CEC85 /* Assets.xcassets in Resources */,
				605E8A3B282E634100C23D92 /* Enemy_1.atlas in Resources */,
				6002F94A282D5F7D0088EBAB /* Main.storyboard in Resources */,
				605E8A31282E4D6C00C23D92 /* GreenPowerUp.atlas in Resources */,
				6002F999282D71640088EBAB /* PlayerPlane.atlas in Resources */,
				604E4A672830354A009CEC85 /* shot.wav in Resources */,
				604E4A6928303609009CEC85 /* powerUp.wav in Resources */,
				604E4A6128303074009CEC85 /* hitSound.wav in Resources */,
				604E4A59282FD09D009CEC85 /* EnemyExplosion.sks in Resources */,
				604E4A6028303074009CEC85 /* backgroundMusic.m4a in Resources */,
				6002F94C282D5F7F0088EBAB /* Assets.xcassets in Resources */,
				605E8A3F282E734700C23D92 /* BluePowerUp.atlas in Resources */,
				6002F94F282D5F7F0088EBAB /* LaunchScreen.storyboard in Resources */,
			);
			runOnlyForDeploymentPostprocessing = 0;
		};
/* End PBXResourcesBuildPhase section */

/* Begin PBXSourcesBuildPhase section */
		6002F937282D5F7D0088EBAB /* Sources */ = {
			isa = PBXSourcesBuildPhase;
			buildActionMask = 2147483647;
			files = (
				6002F945282D5F7D0088EBAB /* GameScene.swift in Sources */,
				60CF06EC282E7EBA002012A2 /* YellowShot.swift in Sources */,
				604E4A6B28303809009CEC85 /* GameSettings.swift in Sources */,
				6002F960282D70570088EBAB /* PlayerPlane.swift in Sources */,
				6002F947282D5F7D0088EBAB /* GameViewController.swift in Sources */,
				6002F93F282D5F7D0088EBAB /* AppDelegate.swift in Sources */,
				604E4A6E283040DD009CEC85 /* GameSettingsKeys.swift in Sources */,
				60CF06E3282E7689002012A2 /* BluePowerUp.swift in Sources */,
				6002F95E282D69E50088EBAB /* SpriteProtocol.swift in Sources */,
				6002F95B282D69980088EBAB /* Clouds.swift in Sources */,
				60942F8C282E8E1B001CFF90 /* BitMaskCategory.swift in Sources */,
				60CF06F0282E83D1002012A2 /* AssetsStorage.swift in Sources */,
				604E4A5D282FD52E009CEC85 /* GameOverScene.swift in Sources */,
				60265266282FB85B00E4C2D0 /* SceneManager.swift in Sources */,
				605E8A38282E5F3E00C23D92 /* Enemy.swift in Sources */,
				60CF06E5282E7695002012A2 /* GreenPowerUp.swift in Sources */,
				6002F958282D647A0088EBAB /* Island.swift in Sources */,
				605E8A2F282E4CE400C23D92 /* MainPowerUp.swift in Sources */,
				60CF06F3282E880A002012A2 /* MenuScene.swift in Sources */,
				604E4A52282FBE1B009CEC85 /* ParentScene.swift in Sources */,
				60265264282FB55A00E4C2D0 /* PauseScene.swift in Sources */,
				6026525E282FAC8F00E4C2D0 /* HUD.swift in Sources */,
				60CF06EA282E7D44002012A2 /* Shot.swift in Sources */,
				6002F956282D62320088EBAB /* Background.swift in Sources */,
				604E4A56282FC5FE009CEC85 /* ScoreScene.swift in Sources */,
				60265262282FB0CC00E4C2D0 /* ButtonNode.swift in Sources */,
				604E4A54282FC082009CEC85 /* OptionsScene.swift in Sources */,
			);
			runOnlyForDeploymentPostprocessing = 0;
		};
/* End PBXSourcesBuildPhase section */

/* Begin PBXVariantGroup section */
		6002F948282D5F7D0088EBAB /* Main.storyboard */ = {
			isa = PBXVariantGroup;
			children = (
				6002F949282D5F7D0088EBAB /* Base */,
			);
			name = Main.storyboard;
			sourceTree = "<group>";
		};
		6002F94D282D5F7F0088EBAB /* LaunchScreen.storyboard */ = {
			isa = PBXVariantGroup;
			children = (
				6002F94E282D5F7F0088EBAB /* Base */,
			);
			name = LaunchScreen.storyboard;
			sourceTree = "<group>";
		};
/* End PBXVariantGroup section */

/* Begin XCBuildConfiguration section */
		6002F950282D5F7F0088EBAB /* Debug */ = {
			isa = XCBuildConfiguration;
			buildSettings = {
				ALWAYS_SEARCH_USER_PATHS = NO;
				CLANG_ANALYZER_NONNULL = YES;
				CLANG_ANALYZER_NUMBER_OBJECT_CONVERSION = YES_AGGRESSIVE;
				CLANG_CXX_LANGUAGE_STANDARD = "gnu++17";
				CLANG_ENABLE_MODULES = YES;
				CLANG_ENABLE_OBJC_ARC = YES;
				CLANG_ENABLE_OBJC_WEAK = YES;
				CLANG_WARN_BLOCK_CAPTURE_AUTORELEASING = YES;
				CLANG_WARN_BOOL_CONVERSION = YES;
				CLANG_WARN_COMMA = YES;
				CLANG_WARN_CONSTANT_CONVERSION = YES;
				CLANG_WARN_DEPRECATED_OBJC_IMPLEMENTATIONS = YES;
				CLANG_WARN_DIRECT_OBJC_ISA_USAGE = YES_ERROR;
				CLANG_WARN_DOCUMENTATION_COMMENTS = YES;
				CLANG_WARN_EMPTY_BODY = YES;
				CLANG_WARN_ENUM_CONVERSION = YES;
				CLANG_WARN_INFINITE_RECURSION = YES;
				CLANG_WARN_INT_CONVERSION = YES;
				CLANG_WARN_NON_LITERAL_NULL_CONVERSION = YES;
				CLANG_WARN_OBJC_IMPLICIT_RETAIN_SELF = YES;
				CLANG_WARN_OBJC_LITERAL_CONVERSION = YES;
				CLANG_WARN_OBJC_ROOT_CLASS = YES_ERROR;
				CLANG_WARN_QUOTED_INCLUDE_IN_FRAMEWORK_HEADER = YES;
				CLANG_WARN_RANGE_LOOP_ANALYSIS = YES;
				CLANG_WARN_STRICT_PROTOTYPES = YES;
				CLANG_WARN_SUSPICIOUS_MOVE = YES;
				CLANG_WARN_UNGUARDED_AVAILABILITY = YES_AGGRESSIVE;
				CLANG_WARN_UNREACHABLE_CODE = YES;
				CLANG_WARN__DUPLICATE_METHOD_MATCH = YES;
				COPY_PHASE_STRIP = NO;
				DEBUG_INFORMATION_FORMAT = dwarf;
				ENABLE_STRICT_OBJC_MSGSEND = YES;
				ENABLE_TESTABILITY = YES;
				GCC_C_LANGUAGE_STANDARD = gnu11;
				GCC_DYNAMIC_NO_PIC = NO;
				GCC_NO_COMMON_BLOCKS = YES;
				GCC_OPTIMIZATION_LEVEL = 0;
				GCC_PREPROCESSOR_DEFINITIONS = (
					"DEBUG=1",
					"$(inherited)",
				);
				GCC_WARN_64_TO_32_BIT_CONVERSION = YES;
				GCC_WARN_ABOUT_RETURN_TYPE = YES_ERROR;
				GCC_WARN_UNDECLARED_SELECTOR = YES;
				GCC_WARN_UNINITIALIZED_AUTOS = YES_AGGRESSIVE;
				GCC_WARN_UNUSED_FUNCTION = YES;
				GCC_WARN_UNUSED_VARIABLE = YES;
				IPHONEOS_DEPLOYMENT_TARGET = 15.4;
				MTL_ENABLE_DEBUG_INFO = INCLUDE_SOURCE;
				MTL_FAST_MATH = YES;
				ONLY_ACTIVE_ARCH = YES;
				SDKROOT = iphoneos;
				SWIFT_ACTIVE_COMPILATION_CONDITIONS = DEBUG;
				SWIFT_OPTIMIZATION_LEVEL = "-Onone";
			};
			name = Debug;
		};
		6002F951282D5F7F0088EBAB /* Release */ = {
			isa = XCBuildConfiguration;
			buildSettings = {
				ALWAYS_SEARCH_USER_PATHS = NO;
				CLANG_ANALYZER_NONNULL = YES;
				CLANG_ANALYZER_NUMBER_OBJECT_CONVERSION = YES_AGGRESSIVE;
				CLANG_CXX_LANGUAGE_STANDARD = "gnu++17";
				CLANG_ENABLE_MODULES = YES;
				CLANG_ENABLE_OBJC_ARC = YES;
				CLANG_ENABLE_OBJC_WEAK = YES;
				CLANG_WARN_BLOCK_CAPTURE_AUTORELEASING = YES;
				CLANG_WARN_BOOL_CONVERSION = YES;
				CLANG_WARN_COMMA = YES;
				CLANG_WARN_CONSTANT_CONVERSION = YES;
				CLANG_WARN_DEPRECATED_OBJC_IMPLEMENTATIONS = YES;
				CLANG_WARN_DIRECT_OBJC_ISA_USAGE = YES_ERROR;
				CLANG_WARN_DOCUMENTATION_COMMENTS = YES;
				CLANG_WARN_EMPTY_BODY = YES;
				CLANG_WARN_ENUM_CONVERSION = YES;
				CLANG_WARN_INFINITE_RECURSION = YES;
				CLANG_WARN_INT_CONVERSION = YES;
				CLANG_WARN_NON_LITERAL_NULL_CONVERSION = YES;
				CLANG_WARN_OBJC_IMPLICIT_RETAIN_SELF = YES;
				CLANG_WARN_OBJC_LITERAL_CONVERSION = YES;
				CLANG_WARN_OBJC_ROOT_CLASS = YES_ERROR;
				CLANG_WARN_QUOTED_INCLUDE_IN_FRAMEWORK_HEADER = YES;
				CLANG_WARN_RANGE_LOOP_ANALYSIS = YES;
				CLANG_WARN_STRICT_PROTOTYPES = YES;
				CLANG_WARN_SUSPICIOUS_MOVE = YES;
				CLANG_WARN_UNGUARDED_AVAILABILITY = YES_AGGRESSIVE;
				CLANG_WARN_UNREACHABLE_CODE = YES;
				CLANG_WARN__DUPLICATE_METHOD_MATCH = YES;
				COPY_PHASE_STRIP = NO;
				DEBUG_INFORMATION_FORMAT = "dwarf-with-dsym";
				ENABLE_NS_ASSERTIONS = NO;
				ENABLE_STRICT_OBJC_MSGSEND = YES;
				GCC_C_LANGUAGE_STANDARD = gnu11;
				GCC_NO_COMMON_BLOCKS = YES;
				GCC_WARN_64_TO_32_BIT_CONVERSION = YES;
				GCC_WARN_ABOUT_RETURN_TYPE = YES_ERROR;
				GCC_WARN_UNDECLARED_SELECTOR = YES;
				GCC_WARN_UNINITIALIZED_AUTOS = YES_AGGRESSIVE;
				GCC_WARN_UNUSED_FUNCTION = YES;
				GCC_WARN_UNUSED_VARIABLE = YES;
				IPHONEOS_DEPLOYMENT_TARGET = 15.4;
				MTL_ENABLE_DEBUG_INFO = NO;
				MTL_FAST_MATH = YES;
				SDKROOT = iphoneos;
				SWIFT_COMPILATION_MODE = wholemodule;
				SWIFT_OPTIMIZATION_LEVEL = "-O";
				VALIDATE_PRODUCT = YES;
			};
			name = Release;
		};
		6002F953282D5F7F0088EBAB /* Debug */ = {
			isa = XCBuildConfiguration;
			buildSettings = {
				ASSETCATALOG_COMPILER_APPICON_NAME = AppIcon;
				ASSETCATALOG_COMPILER_GLOBAL_ACCENT_COLOR_NAME = AccentColor;
				CODE_SIGN_STYLE = Automatic;
				CURRENT_PROJECT_VERSION = 1;
				DEVELOPMENT_TEAM = 876GZYDWFS;
				GENERATE_INFOPLIST_FILE = YES;
				INFOPLIST_KEY_UIApplicationSupportsIndirectInputEvents = YES;
				INFOPLIST_KEY_UILaunchStoryboardName = LaunchScreen;
				INFOPLIST_KEY_UIMainStoryboardFile = Main;
				INFOPLIST_KEY_UIStatusBarHidden = YES;
				INFOPLIST_KEY_UISupportedInterfaceOrientations = UIInterfaceOrientationPortrait;
				INFOPLIST_KEY_UISupportedInterfaceOrientations_iPad = "UIInterfaceOrientationPortrait UIInterfaceOrientationPortraitUpsideDown UIInterfaceOrientationLandscapeLeft UIInterfaceOrientationLandscapeRight";
				INFOPLIST_KEY_UISupportedInterfaceOrientations_iPhone = "UIInterfaceOrientationPortrait UIInterfaceOrientationLandscapeLeft UIInterfaceOrientationLandscapeRight";
				LD_RUNPATH_SEARCH_PATHS = (
					"$(inherited)",
					"@executable_path/Frameworks",
				);
				MARKETING_VERSION = 1.0;
				PRODUCT_BUNDLE_IDENTIFIER = com.evhenii.mahlena.CatFly;
				PRODUCT_NAME = CatOfWar;
				SWIFT_EMIT_LOC_STRINGS = YES;
				SWIFT_VERSION = 5.0;
				TARGETED_DEVICE_FAMILY = 1;
			};
			name = Debug;
		};
		6002F954282D5F7F0088EBAB /* Release */ = {
			isa = XCBuildConfiguration;
			buildSettings = {
				ASSETCATALOG_COMPILER_APPICON_NAME = AppIcon;
				ASSETCATALOG_COMPILER_GLOBAL_ACCENT_COLOR_NAME = AccentColor;
				CODE_SIGN_STYLE = Automatic;
				CURRENT_PROJECT_VERSION = 1;
				DEVELOPMENT_TEAM = 876GZYDWFS;
				GENERATE_INFOPLIST_FILE = YES;
				INFOPLIST_KEY_UIApplicationSupportsIndirectInputEvents = YES;
				INFOPLIST_KEY_UILaunchStoryboardName = LaunchScreen;
				INFOPLIST_KEY_UIMainStoryboardFile = Main;
				INFOPLIST_KEY_UIStatusBarHidden = YES;
				INFOPLIST_KEY_UISupportedInterfaceOrientations = UIInterfaceOrientationPortrait;
				INFOPLIST_KEY_UISupportedInterfaceOrientations_iPad = "UIInterfaceOrientationPortrait UIInterfaceOrientationPortraitUpsideDown UIInterfaceOrientationLandscapeLeft UIInterfaceOrientationLandscapeRight";
				INFOPLIST_KEY_UISupportedInterfaceOrientations_iPhone = "UIInterfaceOrientationPortrait UIInterfaceOrientationLandscapeLeft UIInterfaceOrientationLandscapeRight";
				LD_RUNPATH_SEARCH_PATHS = (
					"$(inherited)",
					"@executable_path/Frameworks",
				);
				MARKETING_VERSION = 1.0;
				PRODUCT_BUNDLE_IDENTIFIER = com.evhenii.mahlena.CatFly;
				PRODUCT_NAME = CatOfWar;
				SWIFT_EMIT_LOC_STRINGS = YES;
				SWIFT_VERSION = 5.0;
				TARGETED_DEVICE_FAMILY = 1;
			};
			name = Release;
		};
/* End XCBuildConfiguration section */

/* Begin XCConfigurationList section */
		6002F936282D5F7D0088EBAB /* Build configuration list for PBXProject "CatOfWar" */ = {
			isa = XCConfigurationList;
			buildConfigurations = (
				6002F950282D5F7F0088EBAB /* Debug */,
				6002F951282D5F7F0088EBAB /* Release */,
			);
			defaultConfigurationIsVisible = 0;
			defaultConfigurationName = Release;
		};
		6002F952282D5F7F0088EBAB /* Build configuration list for PBXNativeTarget "CatOfWar" */ = {
			isa = XCConfigurationList;
			buildConfigurations = (
				6002F953282D5F7F0088EBAB /* Debug */,
				6002F954282D5F7F0088EBAB /* Release */,
			);
			defaultConfigurationIsVisible = 0;
			defaultConfigurationName = Release;
		};
/* End XCConfigurationList section */
	};
	rootObject = 6002F933282D5F7D0088EBAB /* Project object */;
}
